
Microsoft Visual Studio Solution File, Format Version 12.00
Project("{FAE04EC0-301F-11D3-BF4B-00C04F79EFBC}") = "PoliNetwork.Ai", "PoliNetwork.Ai\src\PoliNetwork.Ai.csproj", "{8D1866D8-37FF-41D1-BB99-89506CE9DC71}"
EndProject
Project("{FAE04EC0-301F-11D3-BF4B-00C04F79EFBC}") = "PoliNetwork.Core", "PoliNetwork.Core\src\PoliNetwork.Core.csproj", "{AC1A4327-0F95-429E-9237-01EAD00FA852}"
EndProject
Project("{FAE04EC0-301F-11D3-BF4B-00C04F79EFBC}") = "PoliNetwork.Db", "PoliNetwork.Db\src\PoliNetwork.Db.csproj", "{DF3AB6F9-CFB8-4858-9EEB-A93666789BD3}"
EndProject
Project("{FAE04EC0-301F-11D3-BF4B-00C04F79EFBC}") = "PoliNetwork.Telegram", "PoliNetwork.Telegram\src\PoliNetwork.Telegram.csproj", "{A208DC2C-99D6-4DC4-A4D1-7B464BC7BBF7}"
EndProject
Project("{FAE04EC0-301F-11D3-BF4B-00C04F79EFBC}") = "PoliNetwork.Ai.Test", "PoliNetwork.Ai.Test\PoliNetwork.Ai.Test.csproj", "{0E83FE8D-251D-43E1-B9D4-1DC13A4E7518}"
EndProject
Project("{FAE04EC0-301F-11D3-BF4B-00C04F79EFBC}") = "PoliNetwork.Core.Test", "PoliNetwork.Core.Test\PoliNetwork.Core.Test.csproj", "{0DFF39F5-AAB3-4E03-BD14-CD63BB14EA0F}"
EndProject
Project("{FAE04EC0-301F-11D3-BF4B-00C04F79EFBC}") = "PoliNetwork.Db.Test", "PoliNetwork.Db.Test\PoliNetwork.Db.Test.csproj", "{ADAC7305-9005-4B9E-90C4-3266742C3395}"
EndProject
Project("{FAE04EC0-301F-11D3-BF4B-00C04F79EFBC}") = "PoliNetwork.Telegram.Test", "PoliNetwork.Telegram.Test\PoliNetwork.Telegram.Test.csproj", "{A8810330-D5C1-47D2-B78F-3C3BDF3601A7}"
EndProject
Global
	GlobalSection(SolutionConfigurationPlatforms) = preSolution
		Debug|Any CPU = Debug|Any CPU
		Release|Any CPU = Release|Any CPU
	EndGlobalSection
	GlobalSection(ProjectConfigurationPlatforms) = postSolution
		{8D1866D8-37FF-41D1-BB99-89506CE9DC71}.Debug|Any CPU.ActiveCfg = Debug|Any CPU
		{8D1866D8-37FF-41D1-BB99-89506CE9DC71}.Debug|Any CPU.Build.0 = Debug|Any CPU
		{8D1866D8-37FF-41D1-BB99-89506CE9DC71}.Release|Any CPU.ActiveCfg = Release|Any CPU
		{8D1866D8-37FF-41D1-BB99-89506CE9DC71}.Release|Any CPU.Build.0 = Release|Any CPU
		{AC1A4327-0F95-429E-9237-01EAD00FA852}.Debug|Any CPU.ActiveCfg = Debug|Any CPU
		{AC1A4327-0F95-429E-9237-01EAD00FA852}.Debug|Any CPU.Build.0 = Debug|Any CPU
		{AC1A4327-0F95-429E-9237-01EAD00FA852}.Release|Any CPU.ActiveCfg = Release|Any CPU
		{AC1A4327-0F95-429E-9237-01EAD00FA852}.Release|Any CPU.Build.0 = Release|Any CPU
		{DF3AB6F9-CFB8-4858-9EEB-A93666789BD3}.Debug|Any CPU.ActiveCfg = Debug|Any CPU
		{DF3AB6F9-CFB8-4858-9EEB-A93666789BD3}.Debug|Any CPU.Build.0 = Debug|Any CPU
		{DF3AB6F9-CFB8-4858-9EEB-A93666789BD3}.Release|Any CPU.ActiveCfg = Release|Any CPU
		{DF3AB6F9-CFB8-4858-9EEB-A93666789BD3}.Release|Any CPU.Build.0 = Release|Any CPU
		{A208DC2C-99D6-4DC4-A4D1-7B464BC7BBF7}.Debug|Any CPU.ActiveCfg = Debug|Any CPU
		{A208DC2C-99D6-4DC4-A4D1-7B464BC7BBF7}.Debug|Any CPU.Build.0 = Debug|Any CPU
		{A208DC2C-99D6-4DC4-A4D1-7B464BC7BBF7}.Release|Any CPU.ActiveCfg = Release|Any CPU
		{A208DC2C-99D6-4DC4-A4D1-7B464BC7BBF7}.Release|Any CPU.Build.0 = Release|Any CPU
		{0E83FE8D-251D-43E1-B9D4-1DC13A4E7518}.Debug|Any CPU.ActiveCfg = Debug|Any CPU
		{0E83FE8D-251D-43E1-B9D4-1DC13A4E7518}.Debug|Any CPU.Build.0 = Debug|Any CPU
		{0E83FE8D-251D-43E1-B9D4-1DC13A4E7518}.Release|Any CPU.ActiveCfg = Release|Any CPU
		{0E83FE8D-251D-43E1-B9D4-1DC13A4E7518}.Release|Any CPU.Build.0 = Release|Any CPU
		{0DFF39F5-AAB3-4E03-BD14-CD63BB14EA0F}.Debug|Any CPU.ActiveCfg = Debug|Any CPU
		{0DFF39F5-AAB3-4E03-BD14-CD63BB14EA0F}.Debug|Any CPU.Build.0 = Debug|Any CPU
		{0DFF39F5-AAB3-4E03-BD14-CD63BB14EA0F}.Release|Any CPU.ActiveCfg = Release|Any CPU
		{0DFF39F5-AAB3-4E03-BD14-CD63BB14EA0F}.Release|Any CPU.Build.0 = Release|Any CPU
		{ADAC7305-9005-4B9E-90C4-3266742C3395}.Debug|Any CPU.ActiveCfg = Debug|Any CPU
		{ADAC7305-9005-4B9E-90C4-3266742C3395}.Debug|Any CPU.Build.0 = Debug|Any CPU
		{ADAC7305-9005-4B9E-90C4-3266742C3395}.Release|Any CPU.ActiveCfg = Release|Any CPU
		{ADAC7305-9005-4B9E-90C4-3266742C3395}.Release|Any CPU.Build.0 = Release|Any CPU
		{A8810330-D5C1-47D2-B78F-3C3BDF3601A7}.Debug|Any CPU.ActiveCfg = Debug|Any CPU
		{A8810330-D5C1-47D2-B78F-3C3BDF3601A7}.Debug|Any CPU.Build.0 = Debug|Any CPU
		{A8810330-D5C1-47D2-B78F-3C3BDF3601A7}.Release|Any CPU.ActiveCfg = Release|Any CPU
		{A8810330-D5C1-47D2-B78F-3C3BDF3601A7}.Release|Any CPU.Build.0 = Release|Any CPU
	EndGlobalSection
EndGlobal
